
Microsoft Visual Studio Solution File, Format Version 12.00
# Visual Studio Version 16
VisualStudioVersion = 16.0.29324.140
MinimumVisualStudioVersion = 10.0.40219.1
Project("{9A19103F-16F7-4668-BE54-9A1E7A4F7556}") = "DAL-SqlServer", "DAL-SqlServer\DAL-SqlServer.csproj", "{81FF4B63-38A1-41D8-BBAD-AA87F534AFD0}"
EndProject
Project("{9A19103F-16F7-4668-BE54-9A1E7A4F7556}") = "BulkDataOps", "BulkDataOps\BulkDataOps.csproj", "{FC3EC561-7C8B-4F51-ACE6-21FEC5FF213F}"
EndProject
Project("{9A19103F-16F7-4668-BE54-9A1E7A4F7556}") = "ScrapeServiceWorker", "ScrapeServiceWorker\ScrapeServiceWorker.csproj", "{6AA71E53-CDAD-4031-8CB5-6A855446A170}"
EndProject
Project("{9A19103F-16F7-4668-BE54-9A1E7A4F7556}") = "ntpWebApi", "ntpWebApi\ntpWebApi.csproj", "{73409BC8-7A9C-45CA-9528-E26FBD46F50E}"
EndProject
Project("{9A19103F-16F7-4668-BE54-9A1E7A4F7556}") = "webApiPractice-01", "webApiPractice-01\webApiPractice-01.csproj", "{049E94F9-3AE1-4273-AC9C-EA6EE0E08D6B}"
EndProject
Project("{9A19103F-16F7-4668-BE54-9A1E7A4F7556}") = "WebApiAuth", "..\JWT\webapi\webapi-jwt\WebApiAuth.csproj", "{E5522BBA-CB76-4683-83D3-C1C7444A53CA}"
EndProject
Project("{FAE04EC0-301F-11D3-BF4B-00C04F79EFBC}") = "NTP.Prices.Forexite.Test", "NTP.Prices.Forexite.Test\NTP.Prices.Forexite.Test.csproj", "{8BA3F3CB-D048-4E9A-8C69-E250DEDDF937}"
EndProject
Project("{FAE04EC0-301F-11D3-BF4B-00C04F79EFBC}") = "ForexPriceLib", "ForexPriceLib\ForexPriceLib.csproj", "{C853B6D9-6F86-4E99-B86C-E408E985BE4E}"
EndProject
Project("{FAE04EC0-301F-11D3-BF4B-00C04F79EFBC}") = "IndicatorDataLib", "IndicatorDataLib\IndicatorDataLib.csproj", "{1119CD5D-3BDC-4535-B3D0-A8EE41A1C94D}"
EndProject
Project("{FAE04EC0-301F-11D3-BF4B-00C04F79EFBC}") = "webapiDatabaseFirst", "webapiDatabaseFirst\webapiDatabaseFirst.csproj", "{B0D2A05B-25BA-4D56-A54F-6E91DF7F3366}"
EndProject
Project("{2150E333-8FDC-42A3-9474-1A3956D46DE8}") = "Solution Items", "Solution Items", "{4B624552-54C4-41E2-A748-C69A0DCC5CCE}"
	ProjectSection(SolutionItems) = preProject
		docs.txt = docs.txt
	EndProjectSection
EndProject
Project("{FAE04EC0-301F-11D3-BF4B-00C04F79EFBC}") = "DAL-SqlServer-Models", "DAL-SqlServer-Models\DAL-SqlServer-Models.csproj", "{7A8FA6DD-6E13-40CE-8A1B-DB0F1BF4CFC6}"
EndProject
Global
	GlobalSection(SolutionConfigurationPlatforms) = preSolution
		Debug|Any CPU = Debug|Any CPU
		Release|Any CPU = Release|Any CPU
	EndGlobalSection
	GlobalSection(ProjectConfigurationPlatforms) = postSolution
		{81FF4B63-38A1-41D8-BBAD-AA87F534AFD0}.Debug|Any CPU.ActiveCfg = Debug|Any CPU
		{81FF4B63-38A1-41D8-BBAD-AA87F534AFD0}.Debug|Any CPU.Build.0 = Debug|Any CPU
		{81FF4B63-38A1-41D8-BBAD-AA87F534AFD0}.Release|Any CPU.ActiveCfg = Release|Any CPU
		{81FF4B63-38A1-41D8-BBAD-AA87F534AFD0}.Release|Any CPU.Build.0 = Release|Any CPU
		{FC3EC561-7C8B-4F51-ACE6-21FEC5FF213F}.Debug|Any CPU.ActiveCfg = Debug|Any CPU
		{FC3EC561-7C8B-4F51-ACE6-21FEC5FF213F}.Debug|Any CPU.Build.0 = Debug|Any CPU
		{FC3EC561-7C8B-4F51-ACE6-21FEC5FF213F}.Release|Any CPU.ActiveCfg = Release|Any CPU
		{FC3EC561-7C8B-4F51-ACE6-21FEC5FF213F}.Release|Any CPU.Build.0 = Release|Any CPU
		{6AA71E53-CDAD-4031-8CB5-6A855446A170}.Debug|Any CPU.ActiveCfg = Debug|Any CPU
		{6AA71E53-CDAD-4031-8CB5-6A855446A170}.Debug|Any CPU.Build.0 = Debug|Any CPU
		{6AA71E53-CDAD-4031-8CB5-6A855446A170}.Release|Any CPU.ActiveCfg = Release|Any CPU
		{6AA71E53-CDAD-4031-8CB5-6A855446A170}.Release|Any CPU.Build.0 = Release|Any CPU
		{73409BC8-7A9C-45CA-9528-E26FBD46F50E}.Debug|Any CPU.ActiveCfg = Debug|Any CPU
		{73409BC8-7A9C-45CA-9528-E26FBD46F50E}.Debug|Any CPU.Build.0 = Debug|Any CPU
		{73409BC8-7A9C-45CA-9528-E26FBD46F50E}.Release|Any CPU.ActiveCfg = Release|Any CPU
		{73409BC8-7A9C-45CA-9528-E26FBD46F50E}.Release|Any CPU.Build.0 = Release|Any CPU
		{049E94F9-3AE1-4273-AC9C-EA6EE0E08D6B}.Debug|Any CPU.ActiveCfg = Debug|Any CPU
		{049E94F9-3AE1-4273-AC9C-EA6EE0E08D6B}.Debug|Any CPU.Build.0 = Debug|Any CPU
		{049E94F9-3AE1-4273-AC9C-EA6EE0E08D6B}.Release|Any CPU.ActiveCfg = Release|Any CPU
		{049E94F9-3AE1-4273-AC9C-EA6EE0E08D6B}.Release|Any CPU.Build.0 = Release|Any CPU
		{E5522BBA-CB76-4683-83D3-C1C7444A53CA}.Debug|Any CPU.ActiveCfg = Debug|Any CPU
		{E5522BBA-CB76-4683-83D3-C1C7444A53CA}.Debug|Any CPU.Build.0 = Debug|Any CPU
		{E5522BBA-CB76-4683-83D3-C1C7444A53CA}.Release|Any CPU.ActiveCfg = Release|Any CPU
		{E5522BBA-CB76-4683-83D3-C1C7444A53CA}.Release|Any CPU.Build.0 = Release|Any CPU
		{8BA3F3CB-D048-4E9A-8C69-E250DEDDF937}.Debug|Any CPU.ActiveCfg = Debug|Any CPU
		{8BA3F3CB-D048-4E9A-8C69-E250DEDDF937}.Debug|Any CPU.Build.0 = Debug|Any CPU
		{8BA3F3CB-D048-4E9A-8C69-E250DEDDF937}.Release|Any CPU.ActiveCfg = Release|Any CPU
		{8BA3F3CB-D048-4E9A-8C69-E250DEDDF937}.Release|Any CPU.Build.0 = Release|Any CPU
		{C853B6D9-6F86-4E99-B86C-E408E985BE4E}.Debug|Any CPU.ActiveCfg = Debug|Any CPU
		{C853B6D9-6F86-4E99-B86C-E408E985BE4E}.Debug|Any CPU.Build.0 = Debug|Any CPU
		{C853B6D9-6F86-4E99-B86C-E408E985BE4E}.Release|Any CPU.ActiveCfg = Release|Any CPU
		{C853B6D9-6F86-4E99-B86C-E408E985BE4E}.Release|Any CPU.Build.0 = Release|Any CPU
		{1119CD5D-3BDC-4535-B3D0-A8EE41A1C94D}.Debug|Any CPU.ActiveCfg = Debug|Any CPU
		{1119CD5D-3BDC-4535-B3D0-A8EE41A1C94D}.Debug|Any CPU.Build.0 = Debug|Any CPU
		{1119CD5D-3BDC-4535-B3D0-A8EE41A1C94D}.Release|Any CPU.ActiveCfg = Release|Any CPU
		{1119CD5D-3BDC-4535-B3D0-A8EE41A1C94D}.Release|Any CPU.Build.0 = Release|Any CPU
		{B0D2A05B-25BA-4D56-A54F-6E91DF7F3366}.Debug|Any CPU.ActiveCfg = Debug|Any CPU
		{B0D2A05B-25BA-4D56-A54F-6E91DF7F3366}.Debug|Any CPU.Build.0 = Debug|Any CPU
		{B0D2A05B-25BA-4D56-A54F-6E91DF7F3366}.Release|Any CPU.ActiveCfg = Release|Any CPU
		{B0D2A05B-25BA-4D56-A54F-6E91DF7F3366}.Release|Any CPU.Build.0 = Release|Any CPU
		{7A8FA6DD-6E13-40CE-8A1B-DB0F1BF4CFC6}.Debug|Any CPU.ActiveCfg = Debug|Any CPU
		{7A8FA6DD-6E13-40CE-8A1B-DB0F1BF4CFC6}.Debug|Any CPU.Build.0 = Debug|Any CPU
		{7A8FA6DD-6E13-40CE-8A1B-DB0F1BF4CFC6}.Release|Any CPU.ActiveCfg = Release|Any CPU
		{7A8FA6DD-6E13-40CE-8A1B-DB0F1BF4CFC6}.Release|Any CPU.Build.0 = Release|Any CPU
	EndGlobalSection
	GlobalSection(SolutionProperties) = preSolution
		HideSolutionNode = FALSE
	EndGlobalSection
	GlobalSection(ExtensibilityGlobals) = postSolution
		SolutionGuid = {7D39B816-E320-4355-A246-EF76F06D22BE}
	EndGlobalSection
EndGlobal
