
Microsoft Visual Studio Solution File, Format Version 12.00
# Visual Studio Version 16
VisualStudioVersion = 16.0.29324.140
MinimumVisualStudioVersion = 10.0.40219.1
Project("{9A19103F-16F7-4668-BE54-9A1E7A4F7556}") = "DAL-SqlServer", "DAL-SqlServer\DAL-SqlServer.csproj", "{81FF4B63-38A1-41D8-BBAD-AA87F534AFD0}"
EndProject
Project("{9A19103F-16F7-4668-BE54-9A1E7A4F7556}") = "BulkDataOps", "BulkDataOps\BulkDataOps.csproj", "{FC3EC561-7C8B-4F51-ACE6-21FEC5FF213F}"
EndProject
Project("{9A19103F-16F7-4668-BE54-9A1E7A4F7556}") = "ScrapeServiceWorker", "ScrapeServiceWorker\ScrapeServiceWorker.csproj", "{6AA71E53-CDAD-4031-8CB5-6A855446A170}"
EndProject
Project("{9A19103F-16F7-4668-BE54-9A1E7A4F7556}") = "ntpWebApi", "ntpWebApi\ntpWebApi.csproj", "{73409BC8-7A9C-45CA-9528-E26FBD46F50E}"
EndProject
Project("{9A19103F-16F7-4668-BE54-9A1E7A4F7556}") = "webApiPractice-01", "webApiPractice-01\webApiPractice-01.csproj", "{049E94F9-3AE1-4273-AC9C-EA6EE0E08D6B}"
EndProject
Project("{9A19103F-16F7-4668-BE54-9A1E7A4F7556}") = "WebApiAuth", "..\JWT\webapi\webapi-jwt\WebApiAuth.csproj", "{E5522BBA-CB76-4683-83D3-C1C7444A53CA}"
EndProject
Project("{9A19103F-16F7-4668-BE54-9A1E7A4F7556}") = "NTP.Prices.Forexite.Test", "NTP.Prices.Forexite.Test\NTP.Prices.Forexite.Test.csproj", "{8BA3F3CB-D048-4E9A-8C69-E250DEDDF937}"
EndProject
Project("{9A19103F-16F7-4668-BE54-9A1E7A4F7556}") = "ForexPriceLib", "ForexPriceLib\ForexPriceLib.csproj", "{C853B6D9-6F86-4E99-B86C-E408E985BE4E}"
EndProject
Project("{9A19103F-16F7-4668-BE54-9A1E7A4F7556}") = "IndicatorDataLib", "IndicatorDataLib\IndicatorDataLib.csproj", "{1119CD5D-3BDC-4535-B3D0-A8EE41A1C94D}"
EndProject
Project("{9A19103F-16F7-4668-BE54-9A1E7A4F7556}") = "webapiDatabaseFirst", "webapiDatabaseFirst\webapiDatabaseFirst.csproj", "{B0D2A05B-25BA-4D56-A54F-6E91DF7F3366}"
EndProject
Project("{2150E333-8FDC-42A3-9474-1A3956D46DE8}") = "_solutionItems", "_solutionItems", "{4B624552-54C4-41E2-A748-C69A0DCC5CCE}"
	ProjectSection(SolutionItems) = preProject
		docs.txt = docs.txt
		RMQ.Messages.txt = RMQ.Messages.txt
	EndProjectSection
EndProject
Project("{9A19103F-16F7-4668-BE54-9A1E7A4F7556}") = "DAL-SqlServer-Models", "DAL-SqlServer-Models\DAL-SqlServer-Models.csproj", "{7A8FA6DD-6E13-40CE-8A1B-DB0F1BF4CFC6}"
EndProject
Project("{9A19103F-16F7-4668-BE54-9A1E7A4F7556}") = "NtpDataLib", "NtpDataLib\NtpDataLib.csproj", "{CC6635C6-BBD9-418B-AFFA-8DFEC25AAF16}"
EndProject
Project("{9A19103F-16F7-4668-BE54-9A1E7A4F7556}") = "ScrapeTester", "ScrapeTester\ScrapeTester.csproj", "{675691B0-A8FB-4578-8C9C-02BECEBFA8E2}"
EndProject
Project("{9A19103F-16F7-4668-BE54-9A1E7A4F7556}") = "EmailLib", "EmailLib\EmailLib.csproj", "{14C80EAE-15CF-4D04-AF06-03D28A45CA9B}"
EndProject
Project("{9A19103F-16F7-4668-BE54-9A1E7A4F7556}") = "CoronaVirusDAL", "CoronaVirus\CoronaVirusDAL\CoronaVirusDAL.csproj", "{6D86A823-3974-407A-A642-8D46B677DB3E}"
EndProject
Project("{2150E333-8FDC-42A3-9474-1A3956D46DE8}") = "CoronaVirus", "CoronaVirus", "{9DF60326-3EB6-42EF-A5A5-3CBB1153E765}"
EndProject
Project("{9A19103F-16F7-4668-BE54-9A1E7A4F7556}") = "CoronaVirusApi", "CoronaVirus\CoronaVirusApi\CoronaVirusApi.csproj", "{01E2814A-2F68-4399-9B5F-08DD04FE370E}"
EndProject
Project("{2150E333-8FDC-42A3-9474-1A3956D46DE8}") = "NTP", "NTP", "{70B1A0CE-45DD-4253-9CB4-2CD2127819A0}"
EndProject
Project("{2150E333-8FDC-42A3-9474-1A3956D46DE8}") = "miscProjects", "miscProjects", "{3519EC20-3320-43D5-8F4B-B9F81F31026C}"
EndProject
Project("{9A19103F-16F7-4668-BE54-9A1E7A4F7556}") = "cvDBTester", "CoronaVirus\cvDBTester\cvDBTester.csproj", "{7F1063A9-E9DD-4008-8BDB-C5378E9150EF}"
EndProject
Project("{9A19103F-16F7-4668-BE54-9A1E7A4F7556}") = "NewScrapeFileWatcherConsole", "CoronaVirus\NewScrapeFileWatcherConsole\NewScrapeFileWatcherConsole.csproj", "{3F52F2E6-2456-4E93-9C46-18C4647E9024}"
EndProject
Project("{9A19103F-16F7-4668-BE54-9A1E7A4F7556}") = "CoronaVirusLib", "CoronaVirus\CoronaVirusLib\CoronaVirusLib.csproj", "{9F3E6A15-743A-453B-925A-2AF9F974FF74}"
EndProject
Project("{9A19103F-16F7-4668-BE54-9A1E7A4F7556}") = "cvDITest", "CoronaVirus\cvDITest\cvDITest.csproj", "{EB9DF34C-92F6-4C71-99E5-22B8C2FDEA4E}"
EndProject
Project("{9A19103F-16F7-4668-BE54-9A1E7A4F7556}") = "ConsoleLogger", "CoronaVirus\ConsoleLogger\ConsoleLogger.csproj", "{15D0A263-17DA-41AF-88C1-D38E7262B6B8}"
EndProject
Project("{2150E333-8FDC-42A3-9474-1A3956D46DE8}") = "RabbitMQTesProjects", "RabbitMQTesProjects", "{1BFA1749-9F32-4CB2-AF93-697955DF2D59}"
EndProject
Project("{9A19103F-16F7-4668-BE54-9A1E7A4F7556}") = "RMQLib", "miscProjects\RMQLib\RMQLib.csproj", "{8864E915-BC83-4E41-9264-17E246E55E2E}"
EndProject
Project("{9A19103F-16F7-4668-BE54-9A1E7A4F7556}") = "TestMessage.Send", "RabbitMQTesProjects\TestMessage.Send\TestMessage.Send.csproj", "{62B0FEA1-4659-4977-9E8E-7312FC913F90}"
EndProject
Project("{9A19103F-16F7-4668-BE54-9A1E7A4F7556}") = "TestMessage.Receive", "RabbitMQTesProjects\TestMessage.Receive\TestMessage.Receive.csproj", "{EE36AD12-6611-4533-9E3C-9678BCB2F9A9}"
EndProject
Project("{2150E333-8FDC-42A3-9474-1A3956D46DE8}") = "Udemy", "Udemy", "{11CEC19E-4973-45CF-8006-F1373EE937EE}"
EndProject
Project("{2150E333-8FDC-42A3-9474-1A3956D46DE8}") = "Microservices", "Microservices", "{58541B20-FA33-4F7C-ADD3-AD182C7AA66C}"
EndProject
Project("{9A19103F-16F7-4668-BE54-9A1E7A4F7556}") = "Producer", "RabbitMQTesProjects\Udemy\Microservices\ProducerConsumerRabbitMQ\Producer\Producer.csproj", "{8E070321-2DB1-44E7-BB1C-0A33AF1902FF}"
EndProject
Project("{2150E333-8FDC-42A3-9474-1A3956D46DE8}") = "ProducerConsumerRabbitMQ", "ProducerConsumerRabbitMQ", "{4C18F283-A9B7-4152-B109-2D567E1DBDA6}"
EndProject
Project("{9A19103F-16F7-4668-BE54-9A1E7A4F7556}") = "Consumer", "RabbitMQTesProjects\Udemy\Microservices\ProducerConsumerRabbitMQ\Consumer\Consumer.csproj", "{9C78BA51-A910-462D-8F06-70D06279729D}"
EndProject
Project("{2150E333-8FDC-42A3-9474-1A3956D46DE8}") = "EasyNetQ", "EasyNetQ", "{FE2E8693-8C05-426D-B50C-17F12512362C}"
EndProject
Project("{9A19103F-16F7-4668-BE54-9A1E7A4F7556}") = "Send", "EasyNetQ\Send\Send.csproj", "{BB7D6AAF-D4B9-404B-BC53-01356BB4815A}"
EndProject
Project("{9A19103F-16F7-4668-BE54-9A1E7A4F7556}") = "EasyNetQ.Common", "EasyNetQ\EasyNetQ.Common\EasyNetQ.Common.csproj", "{876E0D08-DC57-4D04-ADA3-EB3C9A36A67A}"
EndProject
Project("{9A19103F-16F7-4668-BE54-9A1E7A4F7556}") = "Receive", "EasyNetQ\Receive\Receive.csproj", "{6F9B58A2-D290-4229-981A-D3C71DDCAAA2}"
EndProject
Project("{9A19103F-16F7-4668-BE54-9A1E7A4F7556}") = "CommonLib", "miscProjects\CommonLib\CommonLib.csproj", "{8596CC31-16C3-4D4F-823D-09056CA68552}"
EndProject
Project("{2150E333-8FDC-42A3-9474-1A3956D46DE8}") = "Forexite", "Forexite", "{DCCD83C2-1BC9-4FAF-9ACB-6E0DAB9DF0A4}"
EndProject
Project("{9A19103F-16F7-4668-BE54-9A1E7A4F7556}") = "SendDownload", "EasyNetQ\Forexite\SendDownload\SendDownload.csproj", "{AC1AF35E-F1D8-4D84-AE47-6B446CD76D35}"
EndProject
Project("{9A19103F-16F7-4668-BE54-9A1E7A4F7556}") = "ReceiveDownload", "EasyNetQ\Forexite\ReceiveDownload\ReceiveDownload.csproj", "{FD0BD405-F5F4-4A59-9863-B0826333D326}"
EndProject
Project("{9A19103F-16F7-4668-BE54-9A1E7A4F7556}") = "coronavirus.tracker.api", "CoronaVirus\coronavirus.tracker.api\coronavirus.tracker.api.csproj", "{9E31524E-B9E6-4C1D-8104-2293BDBB2118}"
EndProject
Project("{2150E333-8FDC-42A3-9474-1A3956D46DE8}") = "ConsoleApps", "ConsoleApps", "{E269678A-C881-4A85-8367-B1532289D809}"
EndProject
Project("{2150E333-8FDC-42A3-9474-1A3956D46DE8}") = "Libs", "Libs", "{6E5B90DC-5437-447E-B3F9-1A3C826CBC9C}"
EndProject
Project("{2150E333-8FDC-42A3-9474-1A3956D46DE8}") = "RabbitMQ", "RabbitMQ", "{30CAAFA1-3F22-4FB3-B267-6E3A66B735FC}"
EndProject
Project("{9A19103F-16F7-4668-BE54-9A1E7A4F7556}") = "RMQ.WorkerService.Consumer", "miscProjects\RMQ.WorkerService.Consumer\RMQ.WorkerService.Consumer.csproj", "{67BBFF6D-552A-4173-8426-2E64321E9E61}"
EndProject
Project("{9A19103F-16F7-4668-BE54-9A1E7A4F7556}") = "RMQ.Test.Sender", "miscProjects\RMQ.Test.Sender\RMQ.Test.Sender.csproj", "{807B846D-62C1-4019-B9BE-4E86DDFA5460}"
EndProject
Project("{9A19103F-16F7-4668-BE54-9A1E7A4F7556}") = "RMQ.Test.Receiver", "miscProjects\RMQ.Test.Receiver\RMQ.Test.Receiver.csproj", "{47B9D8EB-FD92-4BE2-B494-39F1B128A029}"
EndProject
Project("{2150E333-8FDC-42A3-9474-1A3956D46DE8}") = "ConsoleApps", "ConsoleApps", "{0C24F461-66D6-4C5E-913F-879922BF54C3}"
EndProject
Project("{2150E333-8FDC-42A3-9474-1A3956D46DE8}") = "azure", "azure", "{023A1BC6-EBCC-4E05-9AC9-04872B812314}"
EndProject
Project("{9A19103F-16F7-4668-BE54-9A1E7A4F7556}") = "FunctionTestApp", "azure\functions\FunctionTestApp\FunctionTestApp.csproj", "{6ADBC8AF-C1E7-4DD6-9FE7-E594E8F53E13}"
EndProject
Project("{2150E333-8FDC-42A3-9474-1A3956D46DE8}") = "Forexite", "Forexite", "{6ED8AEE5-4FEB-4030-B383-A2E49778484F}"
EndProject
Global
	GlobalSection(SolutionConfigurationPlatforms) = preSolution
		Debug|Any CPU = Debug|Any CPU
		Release|Any CPU = Release|Any CPU
	EndGlobalSection
	GlobalSection(ProjectConfigurationPlatforms) = postSolution
		{81FF4B63-38A1-41D8-BBAD-AA87F534AFD0}.Debug|Any CPU.ActiveCfg = Debug|Any CPU
		{81FF4B63-38A1-41D8-BBAD-AA87F534AFD0}.Debug|Any CPU.Build.0 = Debug|Any CPU
		{81FF4B63-38A1-41D8-BBAD-AA87F534AFD0}.Release|Any CPU.ActiveCfg = Release|Any CPU
		{81FF4B63-38A1-41D8-BBAD-AA87F534AFD0}.Release|Any CPU.Build.0 = Release|Any CPU
		{FC3EC561-7C8B-4F51-ACE6-21FEC5FF213F}.Debug|Any CPU.ActiveCfg = Debug|Any CPU
		{FC3EC561-7C8B-4F51-ACE6-21FEC5FF213F}.Debug|Any CPU.Build.0 = Debug|Any CPU
		{FC3EC561-7C8B-4F51-ACE6-21FEC5FF213F}.Release|Any CPU.ActiveCfg = Release|Any CPU
		{FC3EC561-7C8B-4F51-ACE6-21FEC5FF213F}.Release|Any CPU.Build.0 = Release|Any CPU
		{6AA71E53-CDAD-4031-8CB5-6A855446A170}.Debug|Any CPU.ActiveCfg = Debug|Any CPU
		{6AA71E53-CDAD-4031-8CB5-6A855446A170}.Debug|Any CPU.Build.0 = Debug|Any CPU
		{6AA71E53-CDAD-4031-8CB5-6A855446A170}.Release|Any CPU.ActiveCfg = Release|Any CPU
		{6AA71E53-CDAD-4031-8CB5-6A855446A170}.Release|Any CPU.Build.0 = Release|Any CPU
		{73409BC8-7A9C-45CA-9528-E26FBD46F50E}.Debug|Any CPU.ActiveCfg = Debug|Any CPU
		{73409BC8-7A9C-45CA-9528-E26FBD46F50E}.Debug|Any CPU.Build.0 = Debug|Any CPU
		{73409BC8-7A9C-45CA-9528-E26FBD46F50E}.Release|Any CPU.ActiveCfg = Release|Any CPU
		{73409BC8-7A9C-45CA-9528-E26FBD46F50E}.Release|Any CPU.Build.0 = Release|Any CPU
		{049E94F9-3AE1-4273-AC9C-EA6EE0E08D6B}.Debug|Any CPU.ActiveCfg = Debug|Any CPU
		{049E94F9-3AE1-4273-AC9C-EA6EE0E08D6B}.Debug|Any CPU.Build.0 = Debug|Any CPU
		{049E94F9-3AE1-4273-AC9C-EA6EE0E08D6B}.Release|Any CPU.ActiveCfg = Release|Any CPU
		{049E94F9-3AE1-4273-AC9C-EA6EE0E08D6B}.Release|Any CPU.Build.0 = Release|Any CPU
		{E5522BBA-CB76-4683-83D3-C1C7444A53CA}.Debug|Any CPU.ActiveCfg = Debug|Any CPU
		{E5522BBA-CB76-4683-83D3-C1C7444A53CA}.Debug|Any CPU.Build.0 = Debug|Any CPU
		{E5522BBA-CB76-4683-83D3-C1C7444A53CA}.Release|Any CPU.ActiveCfg = Release|Any CPU
		{E5522BBA-CB76-4683-83D3-C1C7444A53CA}.Release|Any CPU.Build.0 = Release|Any CPU
		{8BA3F3CB-D048-4E9A-8C69-E250DEDDF937}.Debug|Any CPU.ActiveCfg = Debug|Any CPU
		{8BA3F3CB-D048-4E9A-8C69-E250DEDDF937}.Debug|Any CPU.Build.0 = Debug|Any CPU
		{8BA3F3CB-D048-4E9A-8C69-E250DEDDF937}.Release|Any CPU.ActiveCfg = Release|Any CPU
		{8BA3F3CB-D048-4E9A-8C69-E250DEDDF937}.Release|Any CPU.Build.0 = Release|Any CPU
		{C853B6D9-6F86-4E99-B86C-E408E985BE4E}.Debug|Any CPU.ActiveCfg = Debug|Any CPU
		{C853B6D9-6F86-4E99-B86C-E408E985BE4E}.Debug|Any CPU.Build.0 = Debug|Any CPU
		{C853B6D9-6F86-4E99-B86C-E408E985BE4E}.Release|Any CPU.ActiveCfg = Release|Any CPU
		{C853B6D9-6F86-4E99-B86C-E408E985BE4E}.Release|Any CPU.Build.0 = Release|Any CPU
		{1119CD5D-3BDC-4535-B3D0-A8EE41A1C94D}.Debug|Any CPU.ActiveCfg = Debug|Any CPU
		{1119CD5D-3BDC-4535-B3D0-A8EE41A1C94D}.Debug|Any CPU.Build.0 = Debug|Any CPU
		{1119CD5D-3BDC-4535-B3D0-A8EE41A1C94D}.Release|Any CPU.ActiveCfg = Release|Any CPU
		{1119CD5D-3BDC-4535-B3D0-A8EE41A1C94D}.Release|Any CPU.Build.0 = Release|Any CPU
		{B0D2A05B-25BA-4D56-A54F-6E91DF7F3366}.Debug|Any CPU.ActiveCfg = Debug|Any CPU
		{B0D2A05B-25BA-4D56-A54F-6E91DF7F3366}.Debug|Any CPU.Build.0 = Debug|Any CPU
		{B0D2A05B-25BA-4D56-A54F-6E91DF7F3366}.Release|Any CPU.ActiveCfg = Release|Any CPU
		{B0D2A05B-25BA-4D56-A54F-6E91DF7F3366}.Release|Any CPU.Build.0 = Release|Any CPU
		{7A8FA6DD-6E13-40CE-8A1B-DB0F1BF4CFC6}.Debug|Any CPU.ActiveCfg = Debug|Any CPU
		{7A8FA6DD-6E13-40CE-8A1B-DB0F1BF4CFC6}.Debug|Any CPU.Build.0 = Debug|Any CPU
		{7A8FA6DD-6E13-40CE-8A1B-DB0F1BF4CFC6}.Release|Any CPU.ActiveCfg = Release|Any CPU
		{7A8FA6DD-6E13-40CE-8A1B-DB0F1BF4CFC6}.Release|Any CPU.Build.0 = Release|Any CPU
		{CC6635C6-BBD9-418B-AFFA-8DFEC25AAF16}.Debug|Any CPU.ActiveCfg = Debug|Any CPU
		{CC6635C6-BBD9-418B-AFFA-8DFEC25AAF16}.Debug|Any CPU.Build.0 = Debug|Any CPU
		{CC6635C6-BBD9-418B-AFFA-8DFEC25AAF16}.Release|Any CPU.ActiveCfg = Release|Any CPU
		{CC6635C6-BBD9-418B-AFFA-8DFEC25AAF16}.Release|Any CPU.Build.0 = Release|Any CPU
		{675691B0-A8FB-4578-8C9C-02BECEBFA8E2}.Debug|Any CPU.ActiveCfg = Debug|Any CPU
		{675691B0-A8FB-4578-8C9C-02BECEBFA8E2}.Debug|Any CPU.Build.0 = Debug|Any CPU
		{675691B0-A8FB-4578-8C9C-02BECEBFA8E2}.Release|Any CPU.ActiveCfg = Release|Any CPU
		{675691B0-A8FB-4578-8C9C-02BECEBFA8E2}.Release|Any CPU.Build.0 = Release|Any CPU
		{14C80EAE-15CF-4D04-AF06-03D28A45CA9B}.Debug|Any CPU.ActiveCfg = Debug|Any CPU
		{14C80EAE-15CF-4D04-AF06-03D28A45CA9B}.Debug|Any CPU.Build.0 = Debug|Any CPU
		{14C80EAE-15CF-4D04-AF06-03D28A45CA9B}.Release|Any CPU.ActiveCfg = Release|Any CPU
		{14C80EAE-15CF-4D04-AF06-03D28A45CA9B}.Release|Any CPU.Build.0 = Release|Any CPU
		{6D86A823-3974-407A-A642-8D46B677DB3E}.Debug|Any CPU.ActiveCfg = Debug|Any CPU
		{6D86A823-3974-407A-A642-8D46B677DB3E}.Debug|Any CPU.Build.0 = Debug|Any CPU
		{6D86A823-3974-407A-A642-8D46B677DB3E}.Release|Any CPU.ActiveCfg = Release|Any CPU
		{6D86A823-3974-407A-A642-8D46B677DB3E}.Release|Any CPU.Build.0 = Release|Any CPU
		{01E2814A-2F68-4399-9B5F-08DD04FE370E}.Debug|Any CPU.ActiveCfg = Debug|Any CPU
		{01E2814A-2F68-4399-9B5F-08DD04FE370E}.Debug|Any CPU.Build.0 = Debug|Any CPU
		{01E2814A-2F68-4399-9B5F-08DD04FE370E}.Release|Any CPU.ActiveCfg = Release|Any CPU
		{01E2814A-2F68-4399-9B5F-08DD04FE370E}.Release|Any CPU.Build.0 = Release|Any CPU
		{7F1063A9-E9DD-4008-8BDB-C5378E9150EF}.Debug|Any CPU.ActiveCfg = Debug|Any CPU
		{7F1063A9-E9DD-4008-8BDB-C5378E9150EF}.Debug|Any CPU.Build.0 = Debug|Any CPU
		{7F1063A9-E9DD-4008-8BDB-C5378E9150EF}.Release|Any CPU.ActiveCfg = Release|Any CPU
		{7F1063A9-E9DD-4008-8BDB-C5378E9150EF}.Release|Any CPU.Build.0 = Release|Any CPU
		{3F52F2E6-2456-4E93-9C46-18C4647E9024}.Debug|Any CPU.ActiveCfg = Debug|Any CPU
		{3F52F2E6-2456-4E93-9C46-18C4647E9024}.Debug|Any CPU.Build.0 = Debug|Any CPU
		{3F52F2E6-2456-4E93-9C46-18C4647E9024}.Release|Any CPU.ActiveCfg = Release|Any CPU
		{3F52F2E6-2456-4E93-9C46-18C4647E9024}.Release|Any CPU.Build.0 = Release|Any CPU
		{9F3E6A15-743A-453B-925A-2AF9F974FF74}.Debug|Any CPU.ActiveCfg = Debug|Any CPU
		{9F3E6A15-743A-453B-925A-2AF9F974FF74}.Debug|Any CPU.Build.0 = Debug|Any CPU
		{9F3E6A15-743A-453B-925A-2AF9F974FF74}.Release|Any CPU.ActiveCfg = Release|Any CPU
		{9F3E6A15-743A-453B-925A-2AF9F974FF74}.Release|Any CPU.Build.0 = Release|Any CPU
		{EB9DF34C-92F6-4C71-99E5-22B8C2FDEA4E}.Debug|Any CPU.ActiveCfg = Debug|Any CPU
		{EB9DF34C-92F6-4C71-99E5-22B8C2FDEA4E}.Debug|Any CPU.Build.0 = Debug|Any CPU
		{EB9DF34C-92F6-4C71-99E5-22B8C2FDEA4E}.Release|Any CPU.ActiveCfg = Release|Any CPU
		{EB9DF34C-92F6-4C71-99E5-22B8C2FDEA4E}.Release|Any CPU.Build.0 = Release|Any CPU
		{15D0A263-17DA-41AF-88C1-D38E7262B6B8}.Debug|Any CPU.ActiveCfg = Debug|Any CPU
		{15D0A263-17DA-41AF-88C1-D38E7262B6B8}.Debug|Any CPU.Build.0 = Debug|Any CPU
		{15D0A263-17DA-41AF-88C1-D38E7262B6B8}.Release|Any CPU.ActiveCfg = Release|Any CPU
		{15D0A263-17DA-41AF-88C1-D38E7262B6B8}.Release|Any CPU.Build.0 = Release|Any CPU
		{8864E915-BC83-4E41-9264-17E246E55E2E}.Debug|Any CPU.ActiveCfg = Debug|Any CPU
		{8864E915-BC83-4E41-9264-17E246E55E2E}.Debug|Any CPU.Build.0 = Debug|Any CPU
		{8864E915-BC83-4E41-9264-17E246E55E2E}.Release|Any CPU.ActiveCfg = Release|Any CPU
		{8864E915-BC83-4E41-9264-17E246E55E2E}.Release|Any CPU.Build.0 = Release|Any CPU
		{62B0FEA1-4659-4977-9E8E-7312FC913F90}.Debug|Any CPU.ActiveCfg = Debug|Any CPU
		{62B0FEA1-4659-4977-9E8E-7312FC913F90}.Debug|Any CPU.Build.0 = Debug|Any CPU
		{62B0FEA1-4659-4977-9E8E-7312FC913F90}.Release|Any CPU.ActiveCfg = Release|Any CPU
		{62B0FEA1-4659-4977-9E8E-7312FC913F90}.Release|Any CPU.Build.0 = Release|Any CPU
		{EE36AD12-6611-4533-9E3C-9678BCB2F9A9}.Debug|Any CPU.ActiveCfg = Debug|Any CPU
		{EE36AD12-6611-4533-9E3C-9678BCB2F9A9}.Debug|Any CPU.Build.0 = Debug|Any CPU
		{EE36AD12-6611-4533-9E3C-9678BCB2F9A9}.Release|Any CPU.ActiveCfg = Release|Any CPU
		{EE36AD12-6611-4533-9E3C-9678BCB2F9A9}.Release|Any CPU.Build.0 = Release|Any CPU
		{8E070321-2DB1-44E7-BB1C-0A33AF1902FF}.Debug|Any CPU.ActiveCfg = Debug|Any CPU
		{8E070321-2DB1-44E7-BB1C-0A33AF1902FF}.Debug|Any CPU.Build.0 = Debug|Any CPU
		{8E070321-2DB1-44E7-BB1C-0A33AF1902FF}.Release|Any CPU.ActiveCfg = Release|Any CPU
		{8E070321-2DB1-44E7-BB1C-0A33AF1902FF}.Release|Any CPU.Build.0 = Release|Any CPU
		{9C78BA51-A910-462D-8F06-70D06279729D}.Debug|Any CPU.ActiveCfg = Debug|Any CPU
		{9C78BA51-A910-462D-8F06-70D06279729D}.Debug|Any CPU.Build.0 = Debug|Any CPU
		{9C78BA51-A910-462D-8F06-70D06279729D}.Release|Any CPU.ActiveCfg = Release|Any CPU
		{9C78BA51-A910-462D-8F06-70D06279729D}.Release|Any CPU.Build.0 = Release|Any CPU
		{BB7D6AAF-D4B9-404B-BC53-01356BB4815A}.Debug|Any CPU.ActiveCfg = Debug|Any CPU
		{BB7D6AAF-D4B9-404B-BC53-01356BB4815A}.Debug|Any CPU.Build.0 = Debug|Any CPU
		{BB7D6AAF-D4B9-404B-BC53-01356BB4815A}.Release|Any CPU.ActiveCfg = Release|Any CPU
		{BB7D6AAF-D4B9-404B-BC53-01356BB4815A}.Release|Any CPU.Build.0 = Release|Any CPU
		{876E0D08-DC57-4D04-ADA3-EB3C9A36A67A}.Debug|Any CPU.ActiveCfg = Debug|Any CPU
		{876E0D08-DC57-4D04-ADA3-EB3C9A36A67A}.Debug|Any CPU.Build.0 = Debug|Any CPU
		{876E0D08-DC57-4D04-ADA3-EB3C9A36A67A}.Release|Any CPU.ActiveCfg = Release|Any CPU
		{876E0D08-DC57-4D04-ADA3-EB3C9A36A67A}.Release|Any CPU.Build.0 = Release|Any CPU
		{6F9B58A2-D290-4229-981A-D3C71DDCAAA2}.Debug|Any CPU.ActiveCfg = Debug|Any CPU
		{6F9B58A2-D290-4229-981A-D3C71DDCAAA2}.Debug|Any CPU.Build.0 = Debug|Any CPU
		{6F9B58A2-D290-4229-981A-D3C71DDCAAA2}.Release|Any CPU.ActiveCfg = Release|Any CPU
		{6F9B58A2-D290-4229-981A-D3C71DDCAAA2}.Release|Any CPU.Build.0 = Release|Any CPU
		{8596CC31-16C3-4D4F-823D-09056CA68552}.Debug|Any CPU.ActiveCfg = Debug|Any CPU
		{8596CC31-16C3-4D4F-823D-09056CA68552}.Debug|Any CPU.Build.0 = Debug|Any CPU
		{8596CC31-16C3-4D4F-823D-09056CA68552}.Release|Any CPU.ActiveCfg = Release|Any CPU
		{8596CC31-16C3-4D4F-823D-09056CA68552}.Release|Any CPU.Build.0 = Release|Any CPU
		{AC1AF35E-F1D8-4D84-AE47-6B446CD76D35}.Debug|Any CPU.ActiveCfg = Debug|Any CPU
		{AC1AF35E-F1D8-4D84-AE47-6B446CD76D35}.Debug|Any CPU.Build.0 = Debug|Any CPU
		{AC1AF35E-F1D8-4D84-AE47-6B446CD76D35}.Release|Any CPU.ActiveCfg = Release|Any CPU
		{AC1AF35E-F1D8-4D84-AE47-6B446CD76D35}.Release|Any CPU.Build.0 = Release|Any CPU
		{FD0BD405-F5F4-4A59-9863-B0826333D326}.Debug|Any CPU.ActiveCfg = Debug|Any CPU
		{FD0BD405-F5F4-4A59-9863-B0826333D326}.Debug|Any CPU.Build.0 = Debug|Any CPU
		{FD0BD405-F5F4-4A59-9863-B0826333D326}.Release|Any CPU.ActiveCfg = Release|Any CPU
		{FD0BD405-F5F4-4A59-9863-B0826333D326}.Release|Any CPU.Build.0 = Release|Any CPU
		{9E31524E-B9E6-4C1D-8104-2293BDBB2118}.Debug|Any CPU.ActiveCfg = Debug|Any CPU
		{9E31524E-B9E6-4C1D-8104-2293BDBB2118}.Debug|Any CPU.Build.0 = Debug|Any CPU
		{9E31524E-B9E6-4C1D-8104-2293BDBB2118}.Release|Any CPU.ActiveCfg = Release|Any CPU
		{9E31524E-B9E6-4C1D-8104-2293BDBB2118}.Release|Any CPU.Build.0 = Release|Any CPU
		{67BBFF6D-552A-4173-8426-2E64321E9E61}.Debug|Any CPU.ActiveCfg = Debug|Any CPU
		{67BBFF6D-552A-4173-8426-2E64321E9E61}.Debug|Any CPU.Build.0 = Debug|Any CPU
		{67BBFF6D-552A-4173-8426-2E64321E9E61}.Release|Any CPU.ActiveCfg = Release|Any CPU
		{67BBFF6D-552A-4173-8426-2E64321E9E61}.Release|Any CPU.Build.0 = Release|Any CPU
		{807B846D-62C1-4019-B9BE-4E86DDFA5460}.Debug|Any CPU.ActiveCfg = Debug|Any CPU
		{807B846D-62C1-4019-B9BE-4E86DDFA5460}.Debug|Any CPU.Build.0 = Debug|Any CPU
		{807B846D-62C1-4019-B9BE-4E86DDFA5460}.Release|Any CPU.ActiveCfg = Release|Any CPU
		{807B846D-62C1-4019-B9BE-4E86DDFA5460}.Release|Any CPU.Build.0 = Release|Any CPU
		{47B9D8EB-FD92-4BE2-B494-39F1B128A029}.Debug|Any CPU.ActiveCfg = Debug|Any CPU
		{47B9D8EB-FD92-4BE2-B494-39F1B128A029}.Debug|Any CPU.Build.0 = Debug|Any CPU
		{47B9D8EB-FD92-4BE2-B494-39F1B128A029}.Release|Any CPU.ActiveCfg = Release|Any CPU
		{47B9D8EB-FD92-4BE2-B494-39F1B128A029}.Release|Any CPU.Build.0 = Release|Any CPU
		{6ADBC8AF-C1E7-4DD6-9FE7-E594E8F53E13}.Debug|Any CPU.ActiveCfg = Debug|Any CPU
		{6ADBC8AF-C1E7-4DD6-9FE7-E594E8F53E13}.Debug|Any CPU.Build.0 = Debug|Any CPU
		{6ADBC8AF-C1E7-4DD6-9FE7-E594E8F53E13}.Release|Any CPU.ActiveCfg = Release|Any CPU
		{6ADBC8AF-C1E7-4DD6-9FE7-E594E8F53E13}.Release|Any CPU.Build.0 = Release|Any CPU
	EndGlobalSection
	GlobalSection(SolutionProperties) = preSolution
		HideSolutionNode = FALSE
	EndGlobalSection
	GlobalSection(NestedProjects) = preSolution
		{81FF4B63-38A1-41D8-BBAD-AA87F534AFD0} = {70B1A0CE-45DD-4253-9CB4-2CD2127819A0}
		{FC3EC561-7C8B-4F51-ACE6-21FEC5FF213F} = {70B1A0CE-45DD-4253-9CB4-2CD2127819A0}
		{6AA71E53-CDAD-4031-8CB5-6A855446A170} = {3519EC20-3320-43D5-8F4B-B9F81F31026C}
		{73409BC8-7A9C-45CA-9528-E26FBD46F50E} = {70B1A0CE-45DD-4253-9CB4-2CD2127819A0}
		{049E94F9-3AE1-4273-AC9C-EA6EE0E08D6B} = {70B1A0CE-45DD-4253-9CB4-2CD2127819A0}
		{E5522BBA-CB76-4683-83D3-C1C7444A53CA} = {3519EC20-3320-43D5-8F4B-B9F81F31026C}
		{8BA3F3CB-D048-4E9A-8C69-E250DEDDF937} = {6ED8AEE5-4FEB-4030-B383-A2E49778484F}
		{C853B6D9-6F86-4E99-B86C-E408E985BE4E} = {6ED8AEE5-4FEB-4030-B383-A2E49778484F}
		{1119CD5D-3BDC-4535-B3D0-A8EE41A1C94D} = {70B1A0CE-45DD-4253-9CB4-2CD2127819A0}
		{B0D2A05B-25BA-4D56-A54F-6E91DF7F3366} = {3519EC20-3320-43D5-8F4B-B9F81F31026C}
		{7A8FA6DD-6E13-40CE-8A1B-DB0F1BF4CFC6} = {70B1A0CE-45DD-4253-9CB4-2CD2127819A0}
		{CC6635C6-BBD9-418B-AFFA-8DFEC25AAF16} = {70B1A0CE-45DD-4253-9CB4-2CD2127819A0}
		{675691B0-A8FB-4578-8C9C-02BECEBFA8E2} = {70B1A0CE-45DD-4253-9CB4-2CD2127819A0}
		{14C80EAE-15CF-4D04-AF06-03D28A45CA9B} = {3519EC20-3320-43D5-8F4B-B9F81F31026C}
		{6D86A823-3974-407A-A642-8D46B677DB3E} = {6E5B90DC-5437-447E-B3F9-1A3C826CBC9C}
		{01E2814A-2F68-4399-9B5F-08DD04FE370E} = {6E5B90DC-5437-447E-B3F9-1A3C826CBC9C}
		{7F1063A9-E9DD-4008-8BDB-C5378E9150EF} = {E269678A-C881-4A85-8367-B1532289D809}
		{3F52F2E6-2456-4E93-9C46-18C4647E9024} = {E269678A-C881-4A85-8367-B1532289D809}
		{9F3E6A15-743A-453B-925A-2AF9F974FF74} = {6E5B90DC-5437-447E-B3F9-1A3C826CBC9C}
		{EB9DF34C-92F6-4C71-99E5-22B8C2FDEA4E} = {E269678A-C881-4A85-8367-B1532289D809}
		{15D0A263-17DA-41AF-88C1-D38E7262B6B8} = {E269678A-C881-4A85-8367-B1532289D809}
		{8864E915-BC83-4E41-9264-17E246E55E2E} = {30CAAFA1-3F22-4FB3-B267-6E3A66B735FC}
		{62B0FEA1-4659-4977-9E8E-7312FC913F90} = {1BFA1749-9F32-4CB2-AF93-697955DF2D59}
		{EE36AD12-6611-4533-9E3C-9678BCB2F9A9} = {1BFA1749-9F32-4CB2-AF93-697955DF2D59}
		{11CEC19E-4973-45CF-8006-F1373EE937EE} = {1BFA1749-9F32-4CB2-AF93-697955DF2D59}
		{58541B20-FA33-4F7C-ADD3-AD182C7AA66C} = {11CEC19E-4973-45CF-8006-F1373EE937EE}
		{8E070321-2DB1-44E7-BB1C-0A33AF1902FF} = {4C18F283-A9B7-4152-B109-2D567E1DBDA6}
		{4C18F283-A9B7-4152-B109-2D567E1DBDA6} = {58541B20-FA33-4F7C-ADD3-AD182C7AA66C}
		{9C78BA51-A910-462D-8F06-70D06279729D} = {4C18F283-A9B7-4152-B109-2D567E1DBDA6}
		{BB7D6AAF-D4B9-404B-BC53-01356BB4815A} = {FE2E8693-8C05-426D-B50C-17F12512362C}
		{876E0D08-DC57-4D04-ADA3-EB3C9A36A67A} = {FE2E8693-8C05-426D-B50C-17F12512362C}
		{6F9B58A2-D290-4229-981A-D3C71DDCAAA2} = {FE2E8693-8C05-426D-B50C-17F12512362C}
		{8596CC31-16C3-4D4F-823D-09056CA68552} = {3519EC20-3320-43D5-8F4B-B9F81F31026C}
		{DCCD83C2-1BC9-4FAF-9ACB-6E0DAB9DF0A4} = {FE2E8693-8C05-426D-B50C-17F12512362C}
		{AC1AF35E-F1D8-4D84-AE47-6B446CD76D35} = {DCCD83C2-1BC9-4FAF-9ACB-6E0DAB9DF0A4}
		{FD0BD405-F5F4-4A59-9863-B0826333D326} = {DCCD83C2-1BC9-4FAF-9ACB-6E0DAB9DF0A4}
		{9E31524E-B9E6-4C1D-8104-2293BDBB2118} = {E269678A-C881-4A85-8367-B1532289D809}
		{E269678A-C881-4A85-8367-B1532289D809} = {9DF60326-3EB6-42EF-A5A5-3CBB1153E765}
		{6E5B90DC-5437-447E-B3F9-1A3C826CBC9C} = {9DF60326-3EB6-42EF-A5A5-3CBB1153E765}
		{30CAAFA1-3F22-4FB3-B267-6E3A66B735FC} = {3519EC20-3320-43D5-8F4B-B9F81F31026C}
		{67BBFF6D-552A-4173-8426-2E64321E9E61} = {30CAAFA1-3F22-4FB3-B267-6E3A66B735FC}
		{807B846D-62C1-4019-B9BE-4E86DDFA5460} = {0C24F461-66D6-4C5E-913F-879922BF54C3}
		{47B9D8EB-FD92-4BE2-B494-39F1B128A029} = {0C24F461-66D6-4C5E-913F-879922BF54C3}
		{0C24F461-66D6-4C5E-913F-879922BF54C3} = {30CAAFA1-3F22-4FB3-B267-6E3A66B735FC}
		{6ADBC8AF-C1E7-4DD6-9FE7-E594E8F53E13} = {023A1BC6-EBCC-4E05-9AC9-04872B812314}
		{6ED8AEE5-4FEB-4030-B383-A2E49778484F} = {70B1A0CE-45DD-4253-9CB4-2CD2127819A0}
	EndGlobalSection
	GlobalSection(ExtensibilityGlobals) = postSolution
		SolutionGuid = {7D39B816-E320-4355-A246-EF76F06D22BE}
	EndGlobalSection
EndGlobal
