
Microsoft Visual Studio Solution File, Format Version 12.00
# Visual Studio Version 16
VisualStudioVersion = 16.0.29324.140
MinimumVisualStudioVersion = 10.0.40219.1
Project("{9A19103F-16F7-4668-BE54-9A1E7A4F7556}") = "DAL-SqlServer", "DAL-SqlServer\DAL-SqlServer.csproj", "{81FF4B63-38A1-41D8-BBAD-AA87F534AFD0}"
EndProject
Project("{9A19103F-16F7-4668-BE54-9A1E7A4F7556}") = "BulkDataOps", "BulkDataOps\BulkDataOps.csproj", "{FC3EC561-7C8B-4F51-ACE6-21FEC5FF213F}"
EndProject
Project("{9A19103F-16F7-4668-BE54-9A1E7A4F7556}") = "ScrapeServiceWorker", "ScrapeServiceWorker\ScrapeServiceWorker.csproj", "{6AA71E53-CDAD-4031-8CB5-6A855446A170}"
EndProject
Project("{9A19103F-16F7-4668-BE54-9A1E7A4F7556}") = "ntpWebApi", "ntpWebApi\ntpWebApi.csproj", "{73409BC8-7A9C-45CA-9528-E26FBD46F50E}"
EndProject
Project("{9A19103F-16F7-4668-BE54-9A1E7A4F7556}") = "webApiPractice-01", "webApiPractice-01\webApiPractice-01.csproj", "{049E94F9-3AE1-4273-AC9C-EA6EE0E08D6B}"
EndProject
Project("{9A19103F-16F7-4668-BE54-9A1E7A4F7556}") = "WebApiAuth", "..\JWT\webapi\webapi-jwt\WebApiAuth.csproj", "{E5522BBA-CB76-4683-83D3-C1C7444A53CA}"
EndProject
Project("{9A19103F-16F7-4668-BE54-9A1E7A4F7556}") = "NTP.Prices.Forexite.Test", "NTP.Prices.Forexite.Test\NTP.Prices.Forexite.Test.csproj", "{8BA3F3CB-D048-4E9A-8C69-E250DEDDF937}"
EndProject
Project("{9A19103F-16F7-4668-BE54-9A1E7A4F7556}") = "ForexPriceLib", "ForexPriceLib\ForexPriceLib.csproj", "{C853B6D9-6F86-4E99-B86C-E408E985BE4E}"
EndProject
Project("{9A19103F-16F7-4668-BE54-9A1E7A4F7556}") = "IndicatorDataLib", "IndicatorDataLib\IndicatorDataLib.csproj", "{1119CD5D-3BDC-4535-B3D0-A8EE41A1C94D}"
EndProject
Project("{9A19103F-16F7-4668-BE54-9A1E7A4F7556}") = "webapiDatabaseFirst", "webapiDatabaseFirst\webapiDatabaseFirst.csproj", "{B0D2A05B-25BA-4D56-A54F-6E91DF7F3366}"
EndProject
Project("{2150E333-8FDC-42A3-9474-1A3956D46DE8}") = "_solutionItems", "_solutionItems", "{4B624552-54C4-41E2-A748-C69A0DCC5CCE}"
	ProjectSection(SolutionItems) = preProject
		docs.txt = docs.txt
	EndProjectSection
EndProject
Project("{9A19103F-16F7-4668-BE54-9A1E7A4F7556}") = "DAL-SqlServer-Models", "DAL-SqlServer-Models\DAL-SqlServer-Models.csproj", "{7A8FA6DD-6E13-40CE-8A1B-DB0F1BF4CFC6}"
EndProject
Project("{9A19103F-16F7-4668-BE54-9A1E7A4F7556}") = "NtpDataLib", "NtpDataLib\NtpDataLib.csproj", "{CC6635C6-BBD9-418B-AFFA-8DFEC25AAF16}"
EndProject
Project("{9A19103F-16F7-4668-BE54-9A1E7A4F7556}") = "ScrapeTester", "ScrapeTester\ScrapeTester.csproj", "{675691B0-A8FB-4578-8C9C-02BECEBFA8E2}"
EndProject
Project("{9A19103F-16F7-4668-BE54-9A1E7A4F7556}") = "EmailLib", "EmailLib\EmailLib.csproj", "{14C80EAE-15CF-4D04-AF06-03D28A45CA9B}"
EndProject
Project("{9A19103F-16F7-4668-BE54-9A1E7A4F7556}") = "CoronaVirusDAL", "CoronaVirus\CoronaVirusDAL\CoronaVirusDAL.csproj", "{6D86A823-3974-407A-A642-8D46B677DB3E}"
EndProject
Project("{2150E333-8FDC-42A3-9474-1A3956D46DE8}") = "CoronaVirus", "CoronaVirus", "{9DF60326-3EB6-42EF-A5A5-3CBB1153E765}"
EndProject
Project("{9A19103F-16F7-4668-BE54-9A1E7A4F7556}") = "CoronaVirusApi", "CoronaVirus\CoronaVirusApi\CoronaVirusApi.csproj", "{01E2814A-2F68-4399-9B5F-08DD04FE370E}"
EndProject
Project("{2150E333-8FDC-42A3-9474-1A3956D46DE8}") = "NTP", "NTP", "{70B1A0CE-45DD-4253-9CB4-2CD2127819A0}"
EndProject
Project("{2150E333-8FDC-42A3-9474-1A3956D46DE8}") = "miscProjects", "miscProjects", "{3519EC20-3320-43D5-8F4B-B9F81F31026C}"
EndProject
Project("{9A19103F-16F7-4668-BE54-9A1E7A4F7556}") = "cvDBTester", "CoronaVirus\cvDBTester\cvDBTester.csproj", "{7F1063A9-E9DD-4008-8BDB-C5378E9150EF}"
EndProject
Project("{9A19103F-16F7-4668-BE54-9A1E7A4F7556}") = "NewScrapeFileWatcherConsole", "CoronaVirus\NewScrapeFileWatcherConsole\NewScrapeFileWatcherConsole.csproj", "{3F52F2E6-2456-4E93-9C46-18C4647E9024}"
EndProject
Project("{9A19103F-16F7-4668-BE54-9A1E7A4F7556}") = "CoronaVirusLib", "CoronaVirus\CoronaVirusLib\CoronaVirusLib.csproj", "{9F3E6A15-743A-453B-925A-2AF9F974FF74}"
EndProject
Project("{9A19103F-16F7-4668-BE54-9A1E7A4F7556}") = "cvDITest", "CoronaVirus\cvDITest\cvDITest.csproj", "{EB9DF34C-92F6-4C71-99E5-22B8C2FDEA4E}"
EndProject
Project("{FAE04EC0-301F-11D3-BF4B-00C04F79EFBC}") = "ConsoleLogger", "CoronaVirus\ConsoleLogger\ConsoleLogger.csproj", "{15D0A263-17DA-41AF-88C1-D38E7262B6B8}"
EndProject
Project("{FAE04EC0-301F-11D3-BF4B-00C04F79EFBC}") = "RabbitMQLib", "miscProjects\RabbitMQLib\RabbitMQLib.csproj", "{9B1F69D9-CB51-4BCB-9C25-BE625D68DE1D}"
EndProject
Global
	GlobalSection(SolutionConfigurationPlatforms) = preSolution
		Debug|Any CPU = Debug|Any CPU
		Release|Any CPU = Release|Any CPU
	EndGlobalSection
	GlobalSection(ProjectConfigurationPlatforms) = postSolution
		{81FF4B63-38A1-41D8-BBAD-AA87F534AFD0}.Debug|Any CPU.ActiveCfg = Debug|Any CPU
		{81FF4B63-38A1-41D8-BBAD-AA87F534AFD0}.Debug|Any CPU.Build.0 = Debug|Any CPU
		{81FF4B63-38A1-41D8-BBAD-AA87F534AFD0}.Release|Any CPU.ActiveCfg = Release|Any CPU
		{81FF4B63-38A1-41D8-BBAD-AA87F534AFD0}.Release|Any CPU.Build.0 = Release|Any CPU
		{FC3EC561-7C8B-4F51-ACE6-21FEC5FF213F}.Debug|Any CPU.ActiveCfg = Debug|Any CPU
		{FC3EC561-7C8B-4F51-ACE6-21FEC5FF213F}.Debug|Any CPU.Build.0 = Debug|Any CPU
		{FC3EC561-7C8B-4F51-ACE6-21FEC5FF213F}.Release|Any CPU.ActiveCfg = Release|Any CPU
		{FC3EC561-7C8B-4F51-ACE6-21FEC5FF213F}.Release|Any CPU.Build.0 = Release|Any CPU
		{6AA71E53-CDAD-4031-8CB5-6A855446A170}.Debug|Any CPU.ActiveCfg = Debug|Any CPU
		{6AA71E53-CDAD-4031-8CB5-6A855446A170}.Debug|Any CPU.Build.0 = Debug|Any CPU
		{6AA71E53-CDAD-4031-8CB5-6A855446A170}.Release|Any CPU.ActiveCfg = Release|Any CPU
		{6AA71E53-CDAD-4031-8CB5-6A855446A170}.Release|Any CPU.Build.0 = Release|Any CPU
		{73409BC8-7A9C-45CA-9528-E26FBD46F50E}.Debug|Any CPU.ActiveCfg = Debug|Any CPU
		{73409BC8-7A9C-45CA-9528-E26FBD46F50E}.Debug|Any CPU.Build.0 = Debug|Any CPU
		{73409BC8-7A9C-45CA-9528-E26FBD46F50E}.Release|Any CPU.ActiveCfg = Release|Any CPU
		{73409BC8-7A9C-45CA-9528-E26FBD46F50E}.Release|Any CPU.Build.0 = Release|Any CPU
		{049E94F9-3AE1-4273-AC9C-EA6EE0E08D6B}.Debug|Any CPU.ActiveCfg = Debug|Any CPU
		{049E94F9-3AE1-4273-AC9C-EA6EE0E08D6B}.Debug|Any CPU.Build.0 = Debug|Any CPU
		{049E94F9-3AE1-4273-AC9C-EA6EE0E08D6B}.Release|Any CPU.ActiveCfg = Release|Any CPU
		{049E94F9-3AE1-4273-AC9C-EA6EE0E08D6B}.Release|Any CPU.Build.0 = Release|Any CPU
		{E5522BBA-CB76-4683-83D3-C1C7444A53CA}.Debug|Any CPU.ActiveCfg = Debug|Any CPU
		{E5522BBA-CB76-4683-83D3-C1C7444A53CA}.Debug|Any CPU.Build.0 = Debug|Any CPU
		{E5522BBA-CB76-4683-83D3-C1C7444A53CA}.Release|Any CPU.ActiveCfg = Release|Any CPU
		{E5522BBA-CB76-4683-83D3-C1C7444A53CA}.Release|Any CPU.Build.0 = Release|Any CPU
		{8BA3F3CB-D048-4E9A-8C69-E250DEDDF937}.Debug|Any CPU.ActiveCfg = Debug|Any CPU
		{8BA3F3CB-D048-4E9A-8C69-E250DEDDF937}.Debug|Any CPU.Build.0 = Debug|Any CPU
		{8BA3F3CB-D048-4E9A-8C69-E250DEDDF937}.Release|Any CPU.ActiveCfg = Release|Any CPU
		{8BA3F3CB-D048-4E9A-8C69-E250DEDDF937}.Release|Any CPU.Build.0 = Release|Any CPU
		{C853B6D9-6F86-4E99-B86C-E408E985BE4E}.Debug|Any CPU.ActiveCfg = Debug|Any CPU
		{C853B6D9-6F86-4E99-B86C-E408E985BE4E}.Debug|Any CPU.Build.0 = Debug|Any CPU
		{C853B6D9-6F86-4E99-B86C-E408E985BE4E}.Release|Any CPU.ActiveCfg = Release|Any CPU
		{C853B6D9-6F86-4E99-B86C-E408E985BE4E}.Release|Any CPU.Build.0 = Release|Any CPU
		{1119CD5D-3BDC-4535-B3D0-A8EE41A1C94D}.Debug|Any CPU.ActiveCfg = Debug|Any CPU
		{1119CD5D-3BDC-4535-B3D0-A8EE41A1C94D}.Debug|Any CPU.Build.0 = Debug|Any CPU
		{1119CD5D-3BDC-4535-B3D0-A8EE41A1C94D}.Release|Any CPU.ActiveCfg = Release|Any CPU
		{1119CD5D-3BDC-4535-B3D0-A8EE41A1C94D}.Release|Any CPU.Build.0 = Release|Any CPU
		{B0D2A05B-25BA-4D56-A54F-6E91DF7F3366}.Debug|Any CPU.ActiveCfg = Debug|Any CPU
		{B0D2A05B-25BA-4D56-A54F-6E91DF7F3366}.Debug|Any CPU.Build.0 = Debug|Any CPU
		{B0D2A05B-25BA-4D56-A54F-6E91DF7F3366}.Release|Any CPU.ActiveCfg = Release|Any CPU
		{B0D2A05B-25BA-4D56-A54F-6E91DF7F3366}.Release|Any CPU.Build.0 = Release|Any CPU
		{7A8FA6DD-6E13-40CE-8A1B-DB0F1BF4CFC6}.Debug|Any CPU.ActiveCfg = Debug|Any CPU
		{7A8FA6DD-6E13-40CE-8A1B-DB0F1BF4CFC6}.Debug|Any CPU.Build.0 = Debug|Any CPU
		{7A8FA6DD-6E13-40CE-8A1B-DB0F1BF4CFC6}.Release|Any CPU.ActiveCfg = Release|Any CPU
		{7A8FA6DD-6E13-40CE-8A1B-DB0F1BF4CFC6}.Release|Any CPU.Build.0 = Release|Any CPU
		{CC6635C6-BBD9-418B-AFFA-8DFEC25AAF16}.Debug|Any CPU.ActiveCfg = Debug|Any CPU
		{CC6635C6-BBD9-418B-AFFA-8DFEC25AAF16}.Debug|Any CPU.Build.0 = Debug|Any CPU
		{CC6635C6-BBD9-418B-AFFA-8DFEC25AAF16}.Release|Any CPU.ActiveCfg = Release|Any CPU
		{CC6635C6-BBD9-418B-AFFA-8DFEC25AAF16}.Release|Any CPU.Build.0 = Release|Any CPU
		{675691B0-A8FB-4578-8C9C-02BECEBFA8E2}.Debug|Any CPU.ActiveCfg = Debug|Any CPU
		{675691B0-A8FB-4578-8C9C-02BECEBFA8E2}.Debug|Any CPU.Build.0 = Debug|Any CPU
		{675691B0-A8FB-4578-8C9C-02BECEBFA8E2}.Release|Any CPU.ActiveCfg = Release|Any CPU
		{675691B0-A8FB-4578-8C9C-02BECEBFA8E2}.Release|Any CPU.Build.0 = Release|Any CPU
		{14C80EAE-15CF-4D04-AF06-03D28A45CA9B}.Debug|Any CPU.ActiveCfg = Debug|Any CPU
		{14C80EAE-15CF-4D04-AF06-03D28A45CA9B}.Debug|Any CPU.Build.0 = Debug|Any CPU
		{14C80EAE-15CF-4D04-AF06-03D28A45CA9B}.Release|Any CPU.ActiveCfg = Release|Any CPU
		{14C80EAE-15CF-4D04-AF06-03D28A45CA9B}.Release|Any CPU.Build.0 = Release|Any CPU
		{6D86A823-3974-407A-A642-8D46B677DB3E}.Debug|Any CPU.ActiveCfg = Debug|Any CPU
		{6D86A823-3974-407A-A642-8D46B677DB3E}.Debug|Any CPU.Build.0 = Debug|Any CPU
		{6D86A823-3974-407A-A642-8D46B677DB3E}.Release|Any CPU.ActiveCfg = Release|Any CPU
		{6D86A823-3974-407A-A642-8D46B677DB3E}.Release|Any CPU.Build.0 = Release|Any CPU
		{01E2814A-2F68-4399-9B5F-08DD04FE370E}.Debug|Any CPU.ActiveCfg = Debug|Any CPU
		{01E2814A-2F68-4399-9B5F-08DD04FE370E}.Debug|Any CPU.Build.0 = Debug|Any CPU
		{01E2814A-2F68-4399-9B5F-08DD04FE370E}.Release|Any CPU.ActiveCfg = Release|Any CPU
		{01E2814A-2F68-4399-9B5F-08DD04FE370E}.Release|Any CPU.Build.0 = Release|Any CPU
		{7F1063A9-E9DD-4008-8BDB-C5378E9150EF}.Debug|Any CPU.ActiveCfg = Debug|Any CPU
		{7F1063A9-E9DD-4008-8BDB-C5378E9150EF}.Debug|Any CPU.Build.0 = Debug|Any CPU
		{7F1063A9-E9DD-4008-8BDB-C5378E9150EF}.Release|Any CPU.ActiveCfg = Release|Any CPU
		{7F1063A9-E9DD-4008-8BDB-C5378E9150EF}.Release|Any CPU.Build.0 = Release|Any CPU
		{3F52F2E6-2456-4E93-9C46-18C4647E9024}.Debug|Any CPU.ActiveCfg = Debug|Any CPU
		{3F52F2E6-2456-4E93-9C46-18C4647E9024}.Debug|Any CPU.Build.0 = Debug|Any CPU
		{3F52F2E6-2456-4E93-9C46-18C4647E9024}.Release|Any CPU.ActiveCfg = Release|Any CPU
		{3F52F2E6-2456-4E93-9C46-18C4647E9024}.Release|Any CPU.Build.0 = Release|Any CPU
		{9F3E6A15-743A-453B-925A-2AF9F974FF74}.Debug|Any CPU.ActiveCfg = Debug|Any CPU
		{9F3E6A15-743A-453B-925A-2AF9F974FF74}.Debug|Any CPU.Build.0 = Debug|Any CPU
		{9F3E6A15-743A-453B-925A-2AF9F974FF74}.Release|Any CPU.ActiveCfg = Release|Any CPU
		{9F3E6A15-743A-453B-925A-2AF9F974FF74}.Release|Any CPU.Build.0 = Release|Any CPU
		{EB9DF34C-92F6-4C71-99E5-22B8C2FDEA4E}.Debug|Any CPU.ActiveCfg = Debug|Any CPU
		{EB9DF34C-92F6-4C71-99E5-22B8C2FDEA4E}.Debug|Any CPU.Build.0 = Debug|Any CPU
		{EB9DF34C-92F6-4C71-99E5-22B8C2FDEA4E}.Release|Any CPU.ActiveCfg = Release|Any CPU
		{EB9DF34C-92F6-4C71-99E5-22B8C2FDEA4E}.Release|Any CPU.Build.0 = Release|Any CPU
		{15D0A263-17DA-41AF-88C1-D38E7262B6B8}.Debug|Any CPU.ActiveCfg = Debug|Any CPU
		{15D0A263-17DA-41AF-88C1-D38E7262B6B8}.Debug|Any CPU.Build.0 = Debug|Any CPU
		{15D0A263-17DA-41AF-88C1-D38E7262B6B8}.Release|Any CPU.ActiveCfg = Release|Any CPU
		{15D0A263-17DA-41AF-88C1-D38E7262B6B8}.Release|Any CPU.Build.0 = Release|Any CPU
		{9B1F69D9-CB51-4BCB-9C25-BE625D68DE1D}.Debug|Any CPU.ActiveCfg = Debug|Any CPU
		{9B1F69D9-CB51-4BCB-9C25-BE625D68DE1D}.Debug|Any CPU.Build.0 = Debug|Any CPU
		{9B1F69D9-CB51-4BCB-9C25-BE625D68DE1D}.Release|Any CPU.ActiveCfg = Release|Any CPU
		{9B1F69D9-CB51-4BCB-9C25-BE625D68DE1D}.Release|Any CPU.Build.0 = Release|Any CPU
	EndGlobalSection
	GlobalSection(SolutionProperties) = preSolution
		HideSolutionNode = FALSE
	EndGlobalSection
	GlobalSection(NestedProjects) = preSolution
		{81FF4B63-38A1-41D8-BBAD-AA87F534AFD0} = {70B1A0CE-45DD-4253-9CB4-2CD2127819A0}
		{FC3EC561-7C8B-4F51-ACE6-21FEC5FF213F} = {70B1A0CE-45DD-4253-9CB4-2CD2127819A0}
		{6AA71E53-CDAD-4031-8CB5-6A855446A170} = {3519EC20-3320-43D5-8F4B-B9F81F31026C}
		{73409BC8-7A9C-45CA-9528-E26FBD46F50E} = {70B1A0CE-45DD-4253-9CB4-2CD2127819A0}
		{049E94F9-3AE1-4273-AC9C-EA6EE0E08D6B} = {70B1A0CE-45DD-4253-9CB4-2CD2127819A0}
		{E5522BBA-CB76-4683-83D3-C1C7444A53CA} = {3519EC20-3320-43D5-8F4B-B9F81F31026C}
		{8BA3F3CB-D048-4E9A-8C69-E250DEDDF937} = {70B1A0CE-45DD-4253-9CB4-2CD2127819A0}
		{C853B6D9-6F86-4E99-B86C-E408E985BE4E} = {70B1A0CE-45DD-4253-9CB4-2CD2127819A0}
		{1119CD5D-3BDC-4535-B3D0-A8EE41A1C94D} = {70B1A0CE-45DD-4253-9CB4-2CD2127819A0}
		{B0D2A05B-25BA-4D56-A54F-6E91DF7F3366} = {3519EC20-3320-43D5-8F4B-B9F81F31026C}
		{7A8FA6DD-6E13-40CE-8A1B-DB0F1BF4CFC6} = {70B1A0CE-45DD-4253-9CB4-2CD2127819A0}
		{CC6635C6-BBD9-418B-AFFA-8DFEC25AAF16} = {70B1A0CE-45DD-4253-9CB4-2CD2127819A0}
		{675691B0-A8FB-4578-8C9C-02BECEBFA8E2} = {70B1A0CE-45DD-4253-9CB4-2CD2127819A0}
		{14C80EAE-15CF-4D04-AF06-03D28A45CA9B} = {70B1A0CE-45DD-4253-9CB4-2CD2127819A0}
		{6D86A823-3974-407A-A642-8D46B677DB3E} = {9DF60326-3EB6-42EF-A5A5-3CBB1153E765}
		{01E2814A-2F68-4399-9B5F-08DD04FE370E} = {9DF60326-3EB6-42EF-A5A5-3CBB1153E765}
		{7F1063A9-E9DD-4008-8BDB-C5378E9150EF} = {9DF60326-3EB6-42EF-A5A5-3CBB1153E765}
		{3F52F2E6-2456-4E93-9C46-18C4647E9024} = {9DF60326-3EB6-42EF-A5A5-3CBB1153E765}
		{9F3E6A15-743A-453B-925A-2AF9F974FF74} = {9DF60326-3EB6-42EF-A5A5-3CBB1153E765}
		{EB9DF34C-92F6-4C71-99E5-22B8C2FDEA4E} = {9DF60326-3EB6-42EF-A5A5-3CBB1153E765}
		{15D0A263-17DA-41AF-88C1-D38E7262B6B8} = {9DF60326-3EB6-42EF-A5A5-3CBB1153E765}
		{9B1F69D9-CB51-4BCB-9C25-BE625D68DE1D} = {3519EC20-3320-43D5-8F4B-B9F81F31026C}
	EndGlobalSection
	GlobalSection(ExtensibilityGlobals) = postSolution
		SolutionGuid = {7D39B816-E320-4355-A246-EF76F06D22BE}
	EndGlobalSection
EndGlobal
